
Microsoft Visual Studio Solution File, Format Version 12.00
# Visual Studio Version 17
VisualStudioVersion = 17.1.32328.378
MinimumVisualStudioVersion = 10.0.40219.1
Project("{8BC9CEB8-8B4A-11D0-8D11-00A0C91BC942}") = "Aula04", "Aula04\Aula04.vcxproj", "{66998B01-8D17-4A5A-8AE5-8FCEC570632E}"
EndProject
Project("{8BC9CEB8-8B4A-11D0-8D11-00A0C91BC942}") = "Aula0422", "Aula0422\Aula0422.vcxproj", "{0DDA5617-2B81-4525-BCFD-861D14CBCDC9}"
EndProject
Project("{8BC9CEB8-8B4A-11D0-8D11-00A0C91BC942}") = "Aula0422B", "Aula0422B\Aula0422B.vcxproj", "{D1728F12-BBC9-4F4B-9D82-E35B4975AEFF}"
EndProject
Project("{8BC9CEB8-8B4A-11D0-8D11-00A0C91BC942}") = "Aula0422C", "Aula0422C\Aula0422C.vcxproj", "{6EA8AB09-5902-4F39-903A-05FF282C7B1C}"
EndProject
Project("{8BC9CEB8-8B4A-11D0-8D11-00A0C91BC942}") = "Aula0422D", "Aula0422D\Aula0422D.vcxproj", "{B403EA6C-F961-4F82-A449-E0B0AAC4A216}"
EndProject
Project("{8BC9CEB8-8B4A-11D0-8D11-00A0C91BC942}") = "Aula0422E", "Aula0422E\Aula0422E.vcxproj", "{AA523ED0-D4FF-4BE0-B43E-636E89D0151F}"
EndProject
Global
	GlobalSection(SolutionConfigurationPlatforms) = preSolution
		Debug|x64 = Debug|x64
		Debug|x86 = Debug|x86
		Release|x64 = Release|x64
		Release|x86 = Release|x86
	EndGlobalSection
	GlobalSection(ProjectConfigurationPlatforms) = postSolution
		{66998B01-8D17-4A5A-8AE5-8FCEC570632E}.Debug|x64.ActiveCfg = Debug|x64
		{66998B01-8D17-4A5A-8AE5-8FCEC570632E}.Debug|x64.Build.0 = Debug|x64
		{66998B01-8D17-4A5A-8AE5-8FCEC570632E}.Debug|x86.ActiveCfg = Debug|Win32
		{66998B01-8D17-4A5A-8AE5-8FCEC570632E}.Debug|x86.Build.0 = Debug|Win32
		{66998B01-8D17-4A5A-8AE5-8FCEC570632E}.Release|x64.ActiveCfg = Release|x64
		{66998B01-8D17-4A5A-8AE5-8FCEC570632E}.Release|x64.Build.0 = Release|x64
		{66998B01-8D17-4A5A-8AE5-8FCEC570632E}.Release|x86.ActiveCfg = Release|Win32
		{66998B01-8D17-4A5A-8AE5-8FCEC570632E}.Release|x86.Build.0 = Release|Win32
		{0DDA5617-2B81-4525-BCFD-861D14CBCDC9}.Debug|x64.ActiveCfg = Debug|x64
		{0DDA5617-2B81-4525-BCFD-861D14CBCDC9}.Debug|x64.Build.0 = Debug|x64
		{0DDA5617-2B81-4525-BCFD-861D14CBCDC9}.Debug|x86.ActiveCfg = Debug|Win32
		{0DDA5617-2B81-4525-BCFD-861D14CBCDC9}.Debug|x86.Build.0 = Debug|Win32
		{0DDA5617-2B81-4525-BCFD-861D14CBCDC9}.Release|x64.ActiveCfg = Release|x64
		{0DDA5617-2B81-4525-BCFD-861D14CBCDC9}.Release|x64.Build.0 = Release|x64
		{0DDA5617-2B81-4525-BCFD-861D14CBCDC9}.Release|x86.ActiveCfg = Release|Win32
		{0DDA5617-2B81-4525-BCFD-861D14CBCDC9}.Release|x86.Build.0 = Release|Win32
		{D1728F12-BBC9-4F4B-9D82-E35B4975AEFF}.Debug|x64.ActiveCfg = Debug|x64
		{D1728F12-BBC9-4F4B-9D82-E35B4975AEFF}.Debug|x64.Build.0 = Debug|x64
		{D1728F12-BBC9-4F4B-9D82-E35B4975AEFF}.Debug|x86.ActiveCfg = Debug|Win32
		{D1728F12-BBC9-4F4B-9D82-E35B4975AEFF}.Debug|x86.Build.0 = Debug|Win32
		{D1728F12-BBC9-4F4B-9D82-E35B4975AEFF}.Release|x64.ActiveCfg = Release|x64
		{D1728F12-BBC9-4F4B-9D82-E35B4975AEFF}.Release|x64.Build.0 = Release|x64
		{D1728F12-BBC9-4F4B-9D82-E35B4975AEFF}.Release|x86.ActiveCfg = Release|Win32
		{D1728F12-BBC9-4F4B-9D82-E35B4975AEFF}.Release|x86.Build.0 = Release|Win32
		{6EA8AB09-5902-4F39-903A-05FF282C7B1C}.Debug|x64.ActiveCfg = Debug|x64
		{6EA8AB09-5902-4F39-903A-05FF282C7B1C}.Debug|x64.Build.0 = Debug|x64
		{6EA8AB09-5902-4F39-903A-05FF282C7B1C}.Debug|x86.ActiveCfg = Debug|Win32
		{6EA8AB09-5902-4F39-903A-05FF282C7B1C}.Debug|x86.Build.0 = Debug|Win32
		{6EA8AB09-5902-4F39-903A-05FF282C7B1C}.Release|x64.ActiveCfg = Release|x64
		{6EA8AB09-5902-4F39-903A-05FF282C7B1C}.Release|x64.Build.0 = Release|x64
		{6EA8AB09-5902-4F39-903A-05FF282C7B1C}.Release|x86.ActiveCfg = Release|Win32
		{6EA8AB09-5902-4F39-903A-05FF282C7B1C}.Release|x86.Build.0 = Release|Win32
		{B403EA6C-F961-4F82-A449-E0B0AAC4A216}.Debug|x64.ActiveCfg = Debug|x64
		{B403EA6C-F961-4F82-A449-E0B0AAC4A216}.Debug|x64.Build.0 = Debug|x64
		{B403EA6C-F961-4F82-A449-E0B0AAC4A216}.Debug|x86.ActiveCfg = Debug|Win32
		{B403EA6C-F961-4F82-A449-E0B0AAC4A216}.Debug|x86.Build.0 = Debug|Win32
		{B403EA6C-F961-4F82-A449-E0B0AAC4A216}.Release|x64.ActiveCfg = Release|x64
		{B403EA6C-F961-4F82-A449-E0B0AAC4A216}.Release|x64.Build.0 = Release|x64
		{B403EA6C-F961-4F82-A449-E0B0AAC4A216}.Release|x86.ActiveCfg = Release|Win32
		{B403EA6C-F961-4F82-A449-E0B0AAC4A216}.Release|x86.Build.0 = Release|Win32
		{AA523ED0-D4FF-4BE0-B43E-636E89D0151F}.Debug|x64.ActiveCfg = Debug|x64
		{AA523ED0-D4FF-4BE0-B43E-636E89D0151F}.Debug|x64.Build.0 = Debug|x64
		{AA523ED0-D4FF-4BE0-B43E-636E89D0151F}.Debug|x86.ActiveCfg = Debug|Win32
		{AA523ED0-D4FF-4BE0-B43E-636E89D0151F}.Debug|x86.Build.0 = Debug|Win32
		{AA523ED0-D4FF-4BE0-B43E-636E89D0151F}.Release|x64.ActiveCfg = Release|x64
		{AA523ED0-D4FF-4BE0-B43E-636E89D0151F}.Release|x64.Build.0 = Release|x64
		{AA523ED0-D4FF-4BE0-B43E-636E89D0151F}.Release|x86.ActiveCfg = Release|Win32
		{AA523ED0-D4FF-4BE0-B43E-636E89D0151F}.Release|x86.Build.0 = Release|Win32
	EndGlobalSection
	GlobalSection(SolutionProperties) = preSolution
		HideSolutionNode = FALSE
	EndGlobalSection
	GlobalSection(ExtensibilityGlobals) = postSolution
		SolutionGuid = {ECDE07BF-39B0-446A-851A-225F0DAD02EF}
	EndGlobalSection
EndGlobal
