
Microsoft Visual Studio Solution File, Format Version 12.00
# Visual Studio Version 17
VisualStudioVersion = 17.1.32328.378
MinimumVisualStudioVersion = 10.0.40219.1
Project("{8BC9CEB8-8B4A-11D0-8D11-00A0C91BC942}") = "Aula04", "Aula04\Aula04.vcxproj", "{66998B01-8D17-4A5A-8AE5-8FCEC570632E}"
EndProject
Project("{8BC9CEB8-8B4A-11D0-8D11-00A0C91BC942}") = "Aula0422", "Aula0422\Aula0422.vcxproj", "{0DDA5617-2B81-4525-BCFD-861D14CBCDC9}"
EndProject
Project("{8BC9CEB8-8B4A-11D0-8D11-00A0C91BC942}") = "Aula0422B", "Aula0422B\Aula0422B.vcxproj", "{D1728F12-BBC9-4F4B-9D82-E35B4975AEFF}"
EndProject
Project("{8BC9CEB8-8B4A-11D0-8D11-00A0C91BC942}") = "Aula0422C", "Aula0422C\Aula0422C.vcxproj", "{6EA8AB09-5902-4F39-903A-05FF282C7B1C}"
EndProject
Project("{8BC9CEB8-8B4A-11D0-8D11-00A0C91BC942}") = "Aula0422D", "Aula0422D\Aula0422D.vcxproj", "{B403EA6C-F961-4F82-A449-E0B0AAC4A216}"
EndProject
Project("{8BC9CEB8-8B4A-11D0-8D11-00A0C91BC942}") = "Aula0422E", "Aula0422E\Aula0422E.vcxproj", "{AA523ED0-D4FF-4BE0-B43E-636E89D0151F}"
EndProject
Project("{8BC9CEB8-8B4A-11D0-8D11-00A0C91BC942}") = "Aula0429B", "Aula0429B\Aula0429B.vcxproj", "{634FC98D-2089-445F-BC84-3C2BE6DEE9FC}"
EndProject
Project("{8BC9CEB8-8B4A-11D0-8D11-00A0C91BC942}") = "Aula0429A", "Aula0429A\Aula0429A.vcxproj", "{62FE5382-05DB-429D-9EDD-D4592A76336C}"
EndProject
Project("{8BC9CEB8-8B4A-11D0-8D11-00A0C91BC942}") = "Aula0506A", "Aula0506A\Aula0506A.vcxproj", "{68E7F161-C099-46E7-8773-391FEFC2A799}"
EndProject
Project("{8BC9CEB8-8B4A-11D0-8D11-00A0C91BC942}") = "Aula0506B", "Aula0506B\Aula0506B.vcxproj", "{86A2E908-D220-4F51-8BC6-6BE7CF1C41D9}"
EndProject
Project("{8BC9CEB8-8B4A-11D0-8D11-00A0C91BC942}") = "Aula0506C", "Aula0506C\Aula0506C.vcxproj", "{5A077587-8B88-4974-98D3-A71079ACEB5A}"
EndProject
Project("{8BC9CEB8-8B4A-11D0-8D11-00A0C91BC942}") = "Aula0605E", "Aula0605E\Aula0605E.vcxproj", "{609FF739-7F7C-4938-B1C2-6E9530323EF2}"
EndProject
Project("{8BC9CEB8-8B4A-11D0-8D11-00A0C91BC942}") = "Aula0513A", "Aula0513A\Aula0513A.vcxproj", "{58BE706B-0D0D-4320-9DE1-539D77C8331E}"
EndProject
Project("{8BC9CEB8-8B4A-11D0-8D11-00A0C91BC942}") = "Aula0513_CRUD", "Aula0513_CRUD\Aula0513_CRUD.vcxproj", "{10B88341-E414-483F-80ED-E0B14129CAFF}"
EndProject
Project("{8BC9CEB8-8B4A-11D0-8D11-00A0C91BC942}") = "Aula0513_PersistenciaDoBanco", "Aula0513_PersistenciaDoBanco\Aula0513_PersistenciaDoBanco.vcxproj", "{C01D5294-AD8E-4E4F-9F00-BA7C5E0F1456}"
EndProject
Project("{8BC9CEB8-8B4A-11D0-8D11-00A0C91BC942}") = "Aula0513X", "Aula0513X\Aula0513X.vcxproj", "{0CBC2A30-3C57-4265-9911-A04880D5CE44}"
EndProject
Global
	GlobalSection(SolutionConfigurationPlatforms) = preSolution
		Debug|Any CPU = Debug|Any CPU
		Debug|x64 = Debug|x64
		Debug|x86 = Debug|x86
		Release|Any CPU = Release|Any CPU
		Release|x64 = Release|x64
		Release|x86 = Release|x86
	EndGlobalSection
	GlobalSection(ProjectConfigurationPlatforms) = postSolution
		{66998B01-8D17-4A5A-8AE5-8FCEC570632E}.Debug|Any CPU.ActiveCfg = Debug|x64
		{66998B01-8D17-4A5A-8AE5-8FCEC570632E}.Debug|Any CPU.Build.0 = Debug|x64
		{66998B01-8D17-4A5A-8AE5-8FCEC570632E}.Debug|x64.ActiveCfg = Debug|x64
		{66998B01-8D17-4A5A-8AE5-8FCEC570632E}.Debug|x64.Build.0 = Debug|x64
		{66998B01-8D17-4A5A-8AE5-8FCEC570632E}.Debug|x86.ActiveCfg = Debug|Win32
		{66998B01-8D17-4A5A-8AE5-8FCEC570632E}.Debug|x86.Build.0 = Debug|Win32
		{66998B01-8D17-4A5A-8AE5-8FCEC570632E}.Release|Any CPU.ActiveCfg = Release|x64
		{66998B01-8D17-4A5A-8AE5-8FCEC570632E}.Release|Any CPU.Build.0 = Release|x64
		{66998B01-8D17-4A5A-8AE5-8FCEC570632E}.Release|x64.ActiveCfg = Release|x64
		{66998B01-8D17-4A5A-8AE5-8FCEC570632E}.Release|x64.Build.0 = Release|x64
		{66998B01-8D17-4A5A-8AE5-8FCEC570632E}.Release|x86.ActiveCfg = Release|Win32
		{66998B01-8D17-4A5A-8AE5-8FCEC570632E}.Release|x86.Build.0 = Release|Win32
		{0DDA5617-2B81-4525-BCFD-861D14CBCDC9}.Debug|Any CPU.ActiveCfg = Debug|x64
		{0DDA5617-2B81-4525-BCFD-861D14CBCDC9}.Debug|Any CPU.Build.0 = Debug|x64
		{0DDA5617-2B81-4525-BCFD-861D14CBCDC9}.Debug|x64.ActiveCfg = Debug|x64
		{0DDA5617-2B81-4525-BCFD-861D14CBCDC9}.Debug|x64.Build.0 = Debug|x64
		{0DDA5617-2B81-4525-BCFD-861D14CBCDC9}.Debug|x86.ActiveCfg = Debug|Win32
		{0DDA5617-2B81-4525-BCFD-861D14CBCDC9}.Debug|x86.Build.0 = Debug|Win32
		{0DDA5617-2B81-4525-BCFD-861D14CBCDC9}.Release|Any CPU.ActiveCfg = Release|x64
		{0DDA5617-2B81-4525-BCFD-861D14CBCDC9}.Release|Any CPU.Build.0 = Release|x64
		{0DDA5617-2B81-4525-BCFD-861D14CBCDC9}.Release|x64.ActiveCfg = Release|x64
		{0DDA5617-2B81-4525-BCFD-861D14CBCDC9}.Release|x64.Build.0 = Release|x64
		{0DDA5617-2B81-4525-BCFD-861D14CBCDC9}.Release|x86.ActiveCfg = Release|Win32
		{0DDA5617-2B81-4525-BCFD-861D14CBCDC9}.Release|x86.Build.0 = Release|Win32
		{D1728F12-BBC9-4F4B-9D82-E35B4975AEFF}.Debug|Any CPU.ActiveCfg = Debug|x64
		{D1728F12-BBC9-4F4B-9D82-E35B4975AEFF}.Debug|Any CPU.Build.0 = Debug|x64
		{D1728F12-BBC9-4F4B-9D82-E35B4975AEFF}.Debug|x64.ActiveCfg = Debug|x64
		{D1728F12-BBC9-4F4B-9D82-E35B4975AEFF}.Debug|x64.Build.0 = Debug|x64
		{D1728F12-BBC9-4F4B-9D82-E35B4975AEFF}.Debug|x86.ActiveCfg = Debug|Win32
		{D1728F12-BBC9-4F4B-9D82-E35B4975AEFF}.Debug|x86.Build.0 = Debug|Win32
		{D1728F12-BBC9-4F4B-9D82-E35B4975AEFF}.Release|Any CPU.ActiveCfg = Release|x64
		{D1728F12-BBC9-4F4B-9D82-E35B4975AEFF}.Release|Any CPU.Build.0 = Release|x64
		{D1728F12-BBC9-4F4B-9D82-E35B4975AEFF}.Release|x64.ActiveCfg = Release|x64
		{D1728F12-BBC9-4F4B-9D82-E35B4975AEFF}.Release|x64.Build.0 = Release|x64
		{D1728F12-BBC9-4F4B-9D82-E35B4975AEFF}.Release|x86.ActiveCfg = Release|Win32
		{D1728F12-BBC9-4F4B-9D82-E35B4975AEFF}.Release|x86.Build.0 = Release|Win32
		{6EA8AB09-5902-4F39-903A-05FF282C7B1C}.Debug|Any CPU.ActiveCfg = Debug|x64
		{6EA8AB09-5902-4F39-903A-05FF282C7B1C}.Debug|Any CPU.Build.0 = Debug|x64
		{6EA8AB09-5902-4F39-903A-05FF282C7B1C}.Debug|x64.ActiveCfg = Debug|x64
		{6EA8AB09-5902-4F39-903A-05FF282C7B1C}.Debug|x64.Build.0 = Debug|x64
		{6EA8AB09-5902-4F39-903A-05FF282C7B1C}.Debug|x86.ActiveCfg = Debug|Win32
		{6EA8AB09-5902-4F39-903A-05FF282C7B1C}.Debug|x86.Build.0 = Debug|Win32
		{6EA8AB09-5902-4F39-903A-05FF282C7B1C}.Release|Any CPU.ActiveCfg = Release|x64
		{6EA8AB09-5902-4F39-903A-05FF282C7B1C}.Release|Any CPU.Build.0 = Release|x64
		{6EA8AB09-5902-4F39-903A-05FF282C7B1C}.Release|x64.ActiveCfg = Release|x64
		{6EA8AB09-5902-4F39-903A-05FF282C7B1C}.Release|x64.Build.0 = Release|x64
		{6EA8AB09-5902-4F39-903A-05FF282C7B1C}.Release|x86.ActiveCfg = Release|Win32
		{6EA8AB09-5902-4F39-903A-05FF282C7B1C}.Release|x86.Build.0 = Release|Win32
		{B403EA6C-F961-4F82-A449-E0B0AAC4A216}.Debug|Any CPU.ActiveCfg = Debug|x64
		{B403EA6C-F961-4F82-A449-E0B0AAC4A216}.Debug|Any CPU.Build.0 = Debug|x64
		{B403EA6C-F961-4F82-A449-E0B0AAC4A216}.Debug|x64.ActiveCfg = Debug|x64
		{B403EA6C-F961-4F82-A449-E0B0AAC4A216}.Debug|x64.Build.0 = Debug|x64
		{B403EA6C-F961-4F82-A449-E0B0AAC4A216}.Debug|x86.ActiveCfg = Debug|Win32
		{B403EA6C-F961-4F82-A449-E0B0AAC4A216}.Debug|x86.Build.0 = Debug|Win32
		{B403EA6C-F961-4F82-A449-E0B0AAC4A216}.Release|Any CPU.ActiveCfg = Release|x64
		{B403EA6C-F961-4F82-A449-E0B0AAC4A216}.Release|Any CPU.Build.0 = Release|x64
		{B403EA6C-F961-4F82-A449-E0B0AAC4A216}.Release|x64.ActiveCfg = Release|x64
		{B403EA6C-F961-4F82-A449-E0B0AAC4A216}.Release|x64.Build.0 = Release|x64
		{B403EA6C-F961-4F82-A449-E0B0AAC4A216}.Release|x86.ActiveCfg = Release|Win32
		{B403EA6C-F961-4F82-A449-E0B0AAC4A216}.Release|x86.Build.0 = Release|Win32
		{AA523ED0-D4FF-4BE0-B43E-636E89D0151F}.Debug|Any CPU.ActiveCfg = Debug|x64
		{AA523ED0-D4FF-4BE0-B43E-636E89D0151F}.Debug|Any CPU.Build.0 = Debug|x64
		{AA523ED0-D4FF-4BE0-B43E-636E89D0151F}.Debug|x64.ActiveCfg = Debug|x64
		{AA523ED0-D4FF-4BE0-B43E-636E89D0151F}.Debug|x64.Build.0 = Debug|x64
		{AA523ED0-D4FF-4BE0-B43E-636E89D0151F}.Debug|x86.ActiveCfg = Debug|Win32
		{AA523ED0-D4FF-4BE0-B43E-636E89D0151F}.Debug|x86.Build.0 = Debug|Win32
		{AA523ED0-D4FF-4BE0-B43E-636E89D0151F}.Release|Any CPU.ActiveCfg = Release|x64
		{AA523ED0-D4FF-4BE0-B43E-636E89D0151F}.Release|Any CPU.Build.0 = Release|x64
		{AA523ED0-D4FF-4BE0-B43E-636E89D0151F}.Release|x64.ActiveCfg = Release|x64
		{AA523ED0-D4FF-4BE0-B43E-636E89D0151F}.Release|x64.Build.0 = Release|x64
		{AA523ED0-D4FF-4BE0-B43E-636E89D0151F}.Release|x86.ActiveCfg = Release|Win32
		{AA523ED0-D4FF-4BE0-B43E-636E89D0151F}.Release|x86.Build.0 = Release|Win32
		{634FC98D-2089-445F-BC84-3C2BE6DEE9FC}.Debug|Any CPU.ActiveCfg = Debug|x64
		{634FC98D-2089-445F-BC84-3C2BE6DEE9FC}.Debug|Any CPU.Build.0 = Debug|x64
		{634FC98D-2089-445F-BC84-3C2BE6DEE9FC}.Debug|x64.ActiveCfg = Debug|x64
		{634FC98D-2089-445F-BC84-3C2BE6DEE9FC}.Debug|x64.Build.0 = Debug|x64
		{634FC98D-2089-445F-BC84-3C2BE6DEE9FC}.Debug|x86.ActiveCfg = Debug|Win32
		{634FC98D-2089-445F-BC84-3C2BE6DEE9FC}.Debug|x86.Build.0 = Debug|Win32
		{634FC98D-2089-445F-BC84-3C2BE6DEE9FC}.Release|Any CPU.ActiveCfg = Release|x64
		{634FC98D-2089-445F-BC84-3C2BE6DEE9FC}.Release|Any CPU.Build.0 = Release|x64
		{634FC98D-2089-445F-BC84-3C2BE6DEE9FC}.Release|x64.ActiveCfg = Release|x64
		{634FC98D-2089-445F-BC84-3C2BE6DEE9FC}.Release|x64.Build.0 = Release|x64
		{634FC98D-2089-445F-BC84-3C2BE6DEE9FC}.Release|x86.ActiveCfg = Release|Win32
		{634FC98D-2089-445F-BC84-3C2BE6DEE9FC}.Release|x86.Build.0 = Release|Win32
		{62FE5382-05DB-429D-9EDD-D4592A76336C}.Debug|Any CPU.ActiveCfg = Debug|x64
		{62FE5382-05DB-429D-9EDD-D4592A76336C}.Debug|Any CPU.Build.0 = Debug|x64
		{62FE5382-05DB-429D-9EDD-D4592A76336C}.Debug|x64.ActiveCfg = Debug|x64
		{62FE5382-05DB-429D-9EDD-D4592A76336C}.Debug|x64.Build.0 = Debug|x64
		{62FE5382-05DB-429D-9EDD-D4592A76336C}.Debug|x86.ActiveCfg = Debug|Win32
		{62FE5382-05DB-429D-9EDD-D4592A76336C}.Debug|x86.Build.0 = Debug|Win32
		{62FE5382-05DB-429D-9EDD-D4592A76336C}.Release|Any CPU.ActiveCfg = Release|x64
		{62FE5382-05DB-429D-9EDD-D4592A76336C}.Release|Any CPU.Build.0 = Release|x64
		{62FE5382-05DB-429D-9EDD-D4592A76336C}.Release|x64.ActiveCfg = Release|x64
		{62FE5382-05DB-429D-9EDD-D4592A76336C}.Release|x64.Build.0 = Release|x64
		{62FE5382-05DB-429D-9EDD-D4592A76336C}.Release|x86.ActiveCfg = Release|Win32
		{62FE5382-05DB-429D-9EDD-D4592A76336C}.Release|x86.Build.0 = Release|Win32
		{68E7F161-C099-46E7-8773-391FEFC2A799}.Debug|Any CPU.ActiveCfg = Debug|x64
		{68E7F161-C099-46E7-8773-391FEFC2A799}.Debug|Any CPU.Build.0 = Debug|x64
		{68E7F161-C099-46E7-8773-391FEFC2A799}.Debug|x64.ActiveCfg = Debug|x64
		{68E7F161-C099-46E7-8773-391FEFC2A799}.Debug|x64.Build.0 = Debug|x64
		{68E7F161-C099-46E7-8773-391FEFC2A799}.Debug|x86.ActiveCfg = Debug|Win32
		{68E7F161-C099-46E7-8773-391FEFC2A799}.Debug|x86.Build.0 = Debug|Win32
		{68E7F161-C099-46E7-8773-391FEFC2A799}.Release|Any CPU.ActiveCfg = Release|x64
		{68E7F161-C099-46E7-8773-391FEFC2A799}.Release|Any CPU.Build.0 = Release|x64
		{68E7F161-C099-46E7-8773-391FEFC2A799}.Release|x64.ActiveCfg = Release|x64
		{68E7F161-C099-46E7-8773-391FEFC2A799}.Release|x64.Build.0 = Release|x64
		{68E7F161-C099-46E7-8773-391FEFC2A799}.Release|x86.ActiveCfg = Release|Win32
		{68E7F161-C099-46E7-8773-391FEFC2A799}.Release|x86.Build.0 = Release|Win32
		{86A2E908-D220-4F51-8BC6-6BE7CF1C41D9}.Debug|Any CPU.ActiveCfg = Debug|x64
		{86A2E908-D220-4F51-8BC6-6BE7CF1C41D9}.Debug|Any CPU.Build.0 = Debug|x64
		{86A2E908-D220-4F51-8BC6-6BE7CF1C41D9}.Debug|x64.ActiveCfg = Debug|x64
		{86A2E908-D220-4F51-8BC6-6BE7CF1C41D9}.Debug|x64.Build.0 = Debug|x64
		{86A2E908-D220-4F51-8BC6-6BE7CF1C41D9}.Debug|x86.ActiveCfg = Debug|Win32
		{86A2E908-D220-4F51-8BC6-6BE7CF1C41D9}.Debug|x86.Build.0 = Debug|Win32
		{86A2E908-D220-4F51-8BC6-6BE7CF1C41D9}.Release|Any CPU.ActiveCfg = Release|x64
		{86A2E908-D220-4F51-8BC6-6BE7CF1C41D9}.Release|Any CPU.Build.0 = Release|x64
		{86A2E908-D220-4F51-8BC6-6BE7CF1C41D9}.Release|x64.ActiveCfg = Release|x64
		{86A2E908-D220-4F51-8BC6-6BE7CF1C41D9}.Release|x64.Build.0 = Release|x64
		{86A2E908-D220-4F51-8BC6-6BE7CF1C41D9}.Release|x86.ActiveCfg = Release|Win32
		{86A2E908-D220-4F51-8BC6-6BE7CF1C41D9}.Release|x86.Build.0 = Release|Win32
		{5A077587-8B88-4974-98D3-A71079ACEB5A}.Debug|Any CPU.ActiveCfg = Debug|x64
		{5A077587-8B88-4974-98D3-A71079ACEB5A}.Debug|Any CPU.Build.0 = Debug|x64
		{5A077587-8B88-4974-98D3-A71079ACEB5A}.Debug|x64.ActiveCfg = Debug|x64
		{5A077587-8B88-4974-98D3-A71079ACEB5A}.Debug|x64.Build.0 = Debug|x64
		{5A077587-8B88-4974-98D3-A71079ACEB5A}.Debug|x86.ActiveCfg = Debug|Win32
		{5A077587-8B88-4974-98D3-A71079ACEB5A}.Debug|x86.Build.0 = Debug|Win32
		{5A077587-8B88-4974-98D3-A71079ACEB5A}.Release|Any CPU.ActiveCfg = Release|x64
		{5A077587-8B88-4974-98D3-A71079ACEB5A}.Release|Any CPU.Build.0 = Release|x64
		{5A077587-8B88-4974-98D3-A71079ACEB5A}.Release|x64.ActiveCfg = Release|x64
		{5A077587-8B88-4974-98D3-A71079ACEB5A}.Release|x64.Build.0 = Release|x64
		{5A077587-8B88-4974-98D3-A71079ACEB5A}.Release|x86.ActiveCfg = Release|Win32
		{5A077587-8B88-4974-98D3-A71079ACEB5A}.Release|x86.Build.0 = Release|Win32
		{609FF739-7F7C-4938-B1C2-6E9530323EF2}.Debug|Any CPU.ActiveCfg = Debug|x64
		{609FF739-7F7C-4938-B1C2-6E9530323EF2}.Debug|Any CPU.Build.0 = Debug|x64
		{609FF739-7F7C-4938-B1C2-6E9530323EF2}.Debug|x64.ActiveCfg = Debug|x64
		{609FF739-7F7C-4938-B1C2-6E9530323EF2}.Debug|x64.Build.0 = Debug|x64
		{609FF739-7F7C-4938-B1C2-6E9530323EF2}.Debug|x86.ActiveCfg = Debug|Win32
		{609FF739-7F7C-4938-B1C2-6E9530323EF2}.Debug|x86.Build.0 = Debug|Win32
		{609FF739-7F7C-4938-B1C2-6E9530323EF2}.Release|Any CPU.ActiveCfg = Release|x64
		{609FF739-7F7C-4938-B1C2-6E9530323EF2}.Release|Any CPU.Build.0 = Release|x64
		{609FF739-7F7C-4938-B1C2-6E9530323EF2}.Release|x64.ActiveCfg = Release|x64
		{609FF739-7F7C-4938-B1C2-6E9530323EF2}.Release|x64.Build.0 = Release|x64
		{609FF739-7F7C-4938-B1C2-6E9530323EF2}.Release|x86.ActiveCfg = Release|Win32
		{609FF739-7F7C-4938-B1C2-6E9530323EF2}.Release|x86.Build.0 = Release|Win32
		{58BE706B-0D0D-4320-9DE1-539D77C8331E}.Debug|Any CPU.ActiveCfg = Debug|x64
		{58BE706B-0D0D-4320-9DE1-539D77C8331E}.Debug|Any CPU.Build.0 = Debug|x64
		{58BE706B-0D0D-4320-9DE1-539D77C8331E}.Debug|x64.ActiveCfg = Debug|x64
		{58BE706B-0D0D-4320-9DE1-539D77C8331E}.Debug|x64.Build.0 = Debug|x64
		{58BE706B-0D0D-4320-9DE1-539D77C8331E}.Debug|x86.ActiveCfg = Debug|Win32
		{58BE706B-0D0D-4320-9DE1-539D77C8331E}.Debug|x86.Build.0 = Debug|Win32
		{58BE706B-0D0D-4320-9DE1-539D77C8331E}.Release|Any CPU.ActiveCfg = Release|x64
		{58BE706B-0D0D-4320-9DE1-539D77C8331E}.Release|Any CPU.Build.0 = Release|x64
		{58BE706B-0D0D-4320-9DE1-539D77C8331E}.Release|x64.ActiveCfg = Release|x64
		{58BE706B-0D0D-4320-9DE1-539D77C8331E}.Release|x64.Build.0 = Release|x64
		{58BE706B-0D0D-4320-9DE1-539D77C8331E}.Release|x86.ActiveCfg = Release|Win32
		{58BE706B-0D0D-4320-9DE1-539D77C8331E}.Release|x86.Build.0 = Release|Win32
		{10B88341-E414-483F-80ED-E0B14129CAFF}.Debug|Any CPU.ActiveCfg = Debug|x64
		{10B88341-E414-483F-80ED-E0B14129CAFF}.Debug|Any CPU.Build.0 = Debug|x64
		{10B88341-E414-483F-80ED-E0B14129CAFF}.Debug|x64.ActiveCfg = Debug|x64
		{10B88341-E414-483F-80ED-E0B14129CAFF}.Debug|x64.Build.0 = Debug|x64
		{10B88341-E414-483F-80ED-E0B14129CAFF}.Debug|x86.ActiveCfg = Debug|Win32
		{10B88341-E414-483F-80ED-E0B14129CAFF}.Debug|x86.Build.0 = Debug|Win32
		{10B88341-E414-483F-80ED-E0B14129CAFF}.Release|Any CPU.ActiveCfg = Release|x64
		{10B88341-E414-483F-80ED-E0B14129CAFF}.Release|Any CPU.Build.0 = Release|x64
		{10B88341-E414-483F-80ED-E0B14129CAFF}.Release|x64.ActiveCfg = Release|x64
		{10B88341-E414-483F-80ED-E0B14129CAFF}.Release|x64.Build.0 = Release|x64
		{10B88341-E414-483F-80ED-E0B14129CAFF}.Release|x86.ActiveCfg = Release|Win32
		{10B88341-E414-483F-80ED-E0B14129CAFF}.Release|x86.Build.0 = Release|Win32
		{C01D5294-AD8E-4E4F-9F00-BA7C5E0F1456}.Debug|Any CPU.ActiveCfg = Debug|x64
		{C01D5294-AD8E-4E4F-9F00-BA7C5E0F1456}.Debug|Any CPU.Build.0 = Debug|x64
		{C01D5294-AD8E-4E4F-9F00-BA7C5E0F1456}.Debug|x64.ActiveCfg = Debug|x64
		{C01D5294-AD8E-4E4F-9F00-BA7C5E0F1456}.Debug|x64.Build.0 = Debug|x64
		{C01D5294-AD8E-4E4F-9F00-BA7C5E0F1456}.Debug|x86.ActiveCfg = Debug|Win32
		{C01D5294-AD8E-4E4F-9F00-BA7C5E0F1456}.Debug|x86.Build.0 = Debug|Win32
		{C01D5294-AD8E-4E4F-9F00-BA7C5E0F1456}.Release|Any CPU.ActiveCfg = Release|x64
		{C01D5294-AD8E-4E4F-9F00-BA7C5E0F1456}.Release|Any CPU.Build.0 = Release|x64
		{C01D5294-AD8E-4E4F-9F00-BA7C5E0F1456}.Release|x64.ActiveCfg = Release|x64
		{C01D5294-AD8E-4E4F-9F00-BA7C5E0F1456}.Release|x64.Build.0 = Release|x64
		{C01D5294-AD8E-4E4F-9F00-BA7C5E0F1456}.Release|x86.ActiveCfg = Release|Win32
		{C01D5294-AD8E-4E4F-9F00-BA7C5E0F1456}.Release|x86.Build.0 = Release|Win32
		{0CBC2A30-3C57-4265-9911-A04880D5CE44}.Debug|Any CPU.ActiveCfg = Debug|x64
		{0CBC2A30-3C57-4265-9911-A04880D5CE44}.Debug|Any CPU.Build.0 = Debug|x64
		{0CBC2A30-3C57-4265-9911-A04880D5CE44}.Debug|x64.ActiveCfg = Debug|x64
		{0CBC2A30-3C57-4265-9911-A04880D5CE44}.Debug|x64.Build.0 = Debug|x64
		{0CBC2A30-3C57-4265-9911-A04880D5CE44}.Debug|x86.ActiveCfg = Debug|Win32
		{0CBC2A30-3C57-4265-9911-A04880D5CE44}.Debug|x86.Build.0 = Debug|Win32
		{0CBC2A30-3C57-4265-9911-A04880D5CE44}.Release|Any CPU.ActiveCfg = Release|x64
		{0CBC2A30-3C57-4265-9911-A04880D5CE44}.Release|Any CPU.Build.0 = Release|x64
		{0CBC2A30-3C57-4265-9911-A04880D5CE44}.Release|x64.ActiveCfg = Release|x64
		{0CBC2A30-3C57-4265-9911-A04880D5CE44}.Release|x64.Build.0 = Release|x64
		{0CBC2A30-3C57-4265-9911-A04880D5CE44}.Release|x86.ActiveCfg = Release|Win32
		{0CBC2A30-3C57-4265-9911-A04880D5CE44}.Release|x86.Build.0 = Release|Win32
	EndGlobalSection
	GlobalSection(SolutionProperties) = preSolution
		HideSolutionNode = FALSE
	EndGlobalSection
	GlobalSection(ExtensibilityGlobals) = postSolution
		SolutionGuid = {ECDE07BF-39B0-446A-851A-225F0DAD02EF}
	EndGlobalSection
EndGlobal
